
Microsoft Visual Studio Solution File, Format Version 12.00
# Visual Studio 15
VisualStudioVersion = 15.0.28307.645
MinimumVisualStudioVersion = 10.0.40219.1
Project("{FAE04EC0-301F-11D3-BF4B-00C04F79EFBC}") = "BookShop", "BookShop\BookShop.csproj", "{8BC573EA-F9B4-4389-821C-4871E19647FB}"
EndProject
Global
	GlobalSection(SolutionConfigurationPlatforms) = preSolution
		Debug|Any CPU = Debug|Any CPU
		Release|Any CPU = Release|Any CPU
	EndGlobalSection
	GlobalSection(ProjectConfigurationPlatforms) = postSolution
		{8BC573EA-F9B4-4389-821C-4871E19647FB}.Debug|Any CPU.ActiveCfg = Debug|Any CPU
		{8BC573EA-F9B4-4389-821C-4871E19647FB}.Debug|Any CPU.Build.0 = Debug|Any CPU
		{8BC573EA-F9B4-4389-821C-4871E19647FB}.Release|Any CPU.ActiveCfg = Release|Any CPU
		{8BC573EA-F9B4-4389-821C-4871E19647FB}.Release|Any CPU.Build.0 = Release|Any CPU
	EndGlobalSection
	GlobalSection(SolutionProperties) = preSolution
		HideSolutionNode = FALSE
	EndGlobalSection
	GlobalSection(ExtensibilityGlobals) = postSolution
		SolutionGuid = {6CB41C89-74DA-4B31-AA8C-DACF35F6FD1C}
	EndGlobalSection
EndGlobal
